{
  "name": "web-topstarpicks",
  "version": "1.0.0",
  "lockfileVersion": 3,
  "requires": true,
  "packages": {
    "": {
      "name": "web-topstarpicks",
      "version": "1.0.0",
      "license": "ISC",
      "dependencies": {
        "pnpm": "^10.15.1"
      }
    },
    "node_modules/pnpm": {
      "version": "10.15.1",
      "resolved": "https://registry.npmjs.org/pnpm/-/pnpm-10.15.1.tgz",
      "integrity": "sha512-NOU4wym1VTAUyo6PRTWZf5YYCh0PYUM5NXRJk1NQ2STiL4YUaCGRJk7DPRRirCFWGv+X9rsYBlNRwWLH6PbeZw==",
      "bin": {
        "pnpm": "bin/pnpm.cjs",
        "pnpx": "bin/pnpx.cjs"
      },
      "engines": {
        "node": ">=18.12"
      },
      "funding": {
        "url": "https://opencollective.com/pnpm"
      }
    }
  }
}
